// !$*UTF8*$!
{
	archiveVersion = 1;
	classes = {
	};
	objectVersion = 50;
	objects = {

/* Begin PBXBuildFile section */
		70C539E8242CCF9A0049C254 /* AppDelegate.swift in Sources */ = {isa = PBXBuildFile; fileRef = 70C539E7242CCF9A0049C254 /* AppDelegate.swift */; };
		70C539EA242CCF9A0049C254 /* SceneDelegate.swift in Sources */ = {isa = PBXBuildFile; fileRef = 70C539E9242CCF9A0049C254 /* SceneDelegate.swift */; };
		70C539ED242CCF9A0049C254 /* Hack2020.xcdatamodeld in Sources */ = {isa = PBXBuildFile; fileRef = 70C539EB242CCF9A0049C254 /* Hack2020.xcdatamodeld */; };
		70C539EF242CCF9A0049C254 /* ContentView.swift in Sources */ = {isa = PBXBuildFile; fileRef = 70C539EE242CCF9A0049C254 /* ContentView.swift */; };
		70C539F1242CCFA70049C254 /* Assets.xcassets in Resources */ = {isa = PBXBuildFile; fileRef = 70C539F0242CCFA70049C254 /* Assets.xcassets */; };
		70C539F4242CCFA70049C254 /* Preview Assets.xcassets in Resources */ = {isa = PBXBuildFile; fileRef = 70C539F3242CCFA70049C254 /* Preview Assets.xcassets */; };
		70C539F7242CCFA70049C254 /* LaunchScreen.storyboard in Resources */ = {isa = PBXBuildFile; fileRef = 70C539F5242CCFA70049C254 /* LaunchScreen.storyboard */; };
		70C53A02242CCFA80049C254 /* Hack2020Tests.swift in Sources */ = {isa = PBXBuildFile; fileRef = 70C53A01242CCFA80049C254 /* Hack2020Tests.swift */; };
		70C53A0D242CCFA80049C254 /* Hack2020UITests.swift in Sources */ = {isa = PBXBuildFile; fileRef = 70C53A0C242CCFA80049C254 /* Hack2020UITests.swift */; };
		70C53A1B242CCFF20049C254 /* Model.swift in Sources */ = {isa = PBXBuildFile; fileRef = 70C53A1A242CCFF20049C254 /* Model.swift */; };
		70C53A24242D0D2F0049C254 /* Raffina Italic.ttf in Resources */ = {isa = PBXBuildFile; fileRef = 70C53A23242D0D2F0049C254 /* Raffina Italic.ttf */; };
		70C53A25242D0D2F0049C254 /* Raffina Italic.ttf in Resources */ = {isa = PBXBuildFile; fileRef = 70C53A23242D0D2F0049C254 /* Raffina Italic.ttf */; };
		70C53A26242D0D2F0049C254 /* Raffina Italic.ttf in Resources */ = {isa = PBXBuildFile; fileRef = 70C53A23242D0D2F0049C254 /* Raffina Italic.ttf */; };
		70C53A2C242D0E930049C254 /* Brushwell.otf in Resources */ = {isa = PBXBuildFile; fileRef = 70C53A2B242D0E930049C254 /* Brushwell.otf */; };
		70C53A2D242D0E930049C254 /* Brushwell.otf in Resources */ = {isa = PBXBuildFile; fileRef = 70C53A2B242D0E930049C254 /* Brushwell.otf */; };
		70C53A2E242D0E930049C254 /* Brushwell.otf in Resources */ = {isa = PBXBuildFile; fileRef = 70C53A2B242D0E930049C254 /* Brushwell.otf */; };
/* End PBXBuildFile section */

/* Begin PBXContainerItemProxy section */
		70C539FE242CCFA80049C254 /* PBXContainerItemProxy */ = {
			isa = PBXContainerItemProxy;
			containerPortal = 70C539DC242CCF9A0049C254 /* Project object */;
			proxyType = 1;
			remoteGlobalIDString = 70C539E3242CCF9A0049C254;
			remoteInfo = Hack2020;
		};
		70C53A09242CCFA80049C254 /* PBXContainerItemProxy */ = {
			isa = PBXContainerItemProxy;
			containerPortal = 70C539DC242CCF9A0049C254 /* Project object */;
			proxyType = 1;
			remoteGlobalIDString = 70C539E3242CCF9A0049C254;
			remoteInfo = Hack2020;
		};
/* End PBXContainerItemProxy section */

/* Begin PBXFileReference section */
		70C539E4242CCF9A0049C254 /* Hack2020.app */ = {isa = PBXFileReference; explicitFileType = wrapper.application; includeInIndex = 0; path = Hack2020.app; sourceTree = BUILT_PRODUCTS_DIR; };
		70C539E7242CCF9A0049C254 /* AppDelegate.swift */ = {isa = PBXFileReference; lastKnownFileType = sourcecode.swift; path = AppDelegate.swift; sourceTree = "<group>"; };
		70C539E9242CCF9A0049C254 /* SceneDelegate.swift */ = {isa = PBXFileReference; lastKnownFileType = sourcecode.swift; path = SceneDelegate.swift; sourceTree = "<group>"; };
		70C539EC242CCF9A0049C254 /* Hack2020.xcdatamodel */ = {isa = PBXFileReference; lastKnownFileType = wrapper.xcdatamodel; path = Hack2020.xcdatamodel; sourceTree = "<group>"; };
		70C539EE242CCF9A0049C254 /* ContentView.swift */ = {isa = PBXFileReference; lastKnownFileType = sourcecode.swift; path = ContentView.swift; sourceTree = "<group>"; };
		70C539F0242CCFA70049C254 /* Assets.xcassets */ = {isa = PBXFileReference; lastKnownFileType = folder.assetcatalog; path = Assets.xcassets; sourceTree = "<group>"; };
		70C539F3242CCFA70049C254 /* Preview Assets.xcassets */ = {isa = PBXFileReference; lastKnownFileType = folder.assetcatalog; path = "Preview Assets.xcassets"; sourceTree = "<group>"; };
		70C539F6242CCFA70049C254 /* Base */ = {isa = PBXFileReference; lastKnownFileType = file.storyboard; name = Base; path = Base.lproj/LaunchScreen.storyboard; sourceTree = "<group>"; };
		70C539F8242CCFA70049C254 /* Info.plist */ = {isa = PBXFileReference; lastKnownFileType = text.plist.xml; path = Info.plist; sourceTree = "<group>"; };
		70C539FD242CCFA80049C254 /* Hack2020Tests.xctest */ = {isa = PBXFileReference; explicitFileType = wrapper.cfbundle; includeInIndex = 0; path = Hack2020Tests.xctest; sourceTree = BUILT_PRODUCTS_DIR; };
		70C53A01242CCFA80049C254 /* Hack2020Tests.swift */ = {isa = PBXFileReference; lastKnownFileType = sourcecode.swift; path = Hack2020Tests.swift; sourceTree = "<group>"; };
		70C53A03242CCFA80049C254 /* Info.plist */ = {isa = PBXFileReference; lastKnownFileType = text.plist.xml; path = Info.plist; sourceTree = "<group>"; };
		70C53A08242CCFA80049C254 /* Hack2020UITests.xctest */ = {isa = PBXFileReference; explicitFileType = wrapper.cfbundle; includeInIndex = 0; path = Hack2020UITests.xctest; sourceTree = BUILT_PRODUCTS_DIR; };
		70C53A0C242CCFA80049C254 /* Hack2020UITests.swift */ = {isa = PBXFileReference; lastKnownFileType = sourcecode.swift; path = Hack2020UITests.swift; sourceTree = "<group>"; };
		70C53A0E242CCFA80049C254 /* Info.plist */ = {isa = PBXFileReference; lastKnownFileType = text.plist.xml; path = Info.plist; sourceTree = "<group>"; };
		70C53A1A242CCFF20049C254 /* Model.swift */ = {isa = PBXFileReference; lastKnownFileType = sourcecode.swift; path = Model.swift; sourceTree = "<group>"; };
		70C53A23242D0D2F0049C254 /* Raffina Italic.ttf */ = {isa = PBXFileReference; lastKnownFileType = file; path = "Raffina Italic.ttf"; sourceTree = "<group>"; };
		70C53A2B242D0E930049C254 /* Brushwell.otf */ = {isa = PBXFileReference; lastKnownFileType = file; path = Brushwell.otf; sourceTree = "<group>"; };
/* End PBXFileReference section */

/* Begin PBXFrameworksBuildPhase section */
		70C539E1242CCF9A0049C254 /* Frameworks */ = {
			isa = PBXFrameworksBuildPhase;
			buildActionMask = 2147483647;
			files = (
			);
			runOnlyForDeploymentPostprocessing = 0;
		};
		70C539FA242CCFA80049C254 /* Frameworks */ = {
			isa = PBXFrameworksBuildPhase;
			buildActionMask = 2147483647;
			files = (
			);
			runOnlyForDeploymentPostprocessing = 0;
		};
		70C53A05242CCFA80049C254 /* Frameworks */ = {
			isa = PBXFrameworksBuildPhase;
			buildActionMask = 2147483647;
			files = (
			);
			runOnlyForDeploymentPostprocessing = 0;
		};
/* End PBXFrameworksBuildPhase section */

/* Begin PBXGroup section */
		70C539DB242CCF9A0049C254 = {
			isa = PBXGroup;
			children = (
				70C539E6242CCF9A0049C254 /* Hack2020 */,
				70C53A00242CCFA80049C254 /* Hack2020Tests */,
				70C53A0B242CCFA80049C254 /* Hack2020UITests */,
				70C539E5242CCF9A0049C254 /* Products */,
			);
			sourceTree = "<group>";
		};
		70C539E5242CCF9A0049C254 /* Products */ = {
			isa = PBXGroup;
			children = (
				70C539E4242CCF9A0049C254 /* Hack2020.app */,
				70C539FD242CCFA80049C254 /* Hack2020Tests.xctest */,
				70C53A08242CCFA80049C254 /* Hack2020UITests.xctest */,
			);
			name = Products;
			sourceTree = "<group>";
		};
		70C539E6242CCF9A0049C254 /* Hack2020 */ = {
			isa = PBXGroup;
			children = (
				70C539E7242CCF9A0049C254 /* AppDelegate.swift */,
				70C539E9242CCF9A0049C254 /* SceneDelegate.swift */,
				70C539EE242CCF9A0049C254 /* ContentView.swift */,
				70C53A1A242CCFF20049C254 /* Model.swift */,
				70C53A2B242D0E930049C254 /* Brushwell.otf */,
				70C53A23242D0D2F0049C254 /* Raffina Italic.ttf */,
				70C539F0242CCFA70049C254 /* Assets.xcassets */,
				70C539F5242CCFA70049C254 /* LaunchScreen.storyboard */,
				70C539F8242CCFA70049C254 /* Info.plist */,
				70C539EB242CCF9A0049C254 /* Hack2020.xcdatamodeld */,
				70C539F2242CCFA70049C254 /* Preview Content */,
			);
			path = Hack2020;
			sourceTree = "<group>";
		};
		70C539F2242CCFA70049C254 /* Preview Content */ = {
			isa = PBXGroup;
			children = (
				70C539F3242CCFA70049C254 /* Preview Assets.xcassets */,
			);
			path = "Preview Content";
			sourceTree = "<group>";
		};
		70C53A00242CCFA80049C254 /* Hack2020Tests */ = {
			isa = PBXGroup;
			children = (
				70C53A01242CCFA80049C254 /* Hack2020Tests.swift */,
				70C53A03242CCFA80049C254 /* Info.plist */,
			);
			path = Hack2020Tests;
			sourceTree = "<group>";
		};
		70C53A0B242CCFA80049C254 /* Hack2020UITests */ = {
			isa = PBXGroup;
			children = (
				70C53A0C242CCFA80049C254 /* Hack2020UITests.swift */,
				70C53A0E242CCFA80049C254 /* Info.plist */,
			);
			path = Hack2020UITests;
			sourceTree = "<group>";
		};
/* End PBXGroup section */

/* Begin PBXNativeTarget section */
		70C539E3242CCF9A0049C254 /* Hack2020 */ = {
			isa = PBXNativeTarget;
			buildConfigurationList = 70C53A11242CCFA80049C254 /* Build configuration list for PBXNativeTarget "Hack2020" */;
			buildPhases = (
				70C539E0242CCF9A0049C254 /* Sources */,
				70C539E1242CCF9A0049C254 /* Frameworks */,
				70C539E2242CCF9A0049C254 /* Resources */,
			);
			buildRules = (
			);
			dependencies = (
			);
			name = Hack2020;
			productName = Hack2020;
			productReference = 70C539E4242CCF9A0049C254 /* Hack2020.app */;
			productType = "com.apple.product-type.application";
		};
		70C539FC242CCFA80049C254 /* Hack2020Tests */ = {
			isa = PBXNativeTarget;
			buildConfigurationList = 70C53A14242CCFA80049C254 /* Build configuration list for PBXNativeTarget "Hack2020Tests" */;
			buildPhases = (
				70C539F9242CCFA80049C254 /* Sources */,
				70C539FA242CCFA80049C254 /* Frameworks */,
				70C539FB242CCFA80049C254 /* Resources */,
			);
			buildRules = (
			);
			dependencies = (
				70C539FF242CCFA80049C254 /* PBXTargetDependency */,
			);
			name = Hack2020Tests;
			productName = Hack2020Tests;
			productReference = 70C539FD242CCFA80049C254 /* Hack2020Tests.xctest */;
			productType = "com.apple.product-type.bundle.unit-test";
		};
		70C53A07242CCFA80049C254 /* Hack2020UITests */ = {
			isa = PBXNativeTarget;
			buildConfigurationList = 70C53A17242CCFA80049C254 /* Build configuration list for PBXNativeTarget "Hack2020UITests" */;
			buildPhases = (
				70C53A04242CCFA80049C254 /* Sources */,
				70C53A05242CCFA80049C254 /* Frameworks */,
				70C53A06242CCFA80049C254 /* Resources */,
			);
			buildRules = (
			);
			dependencies = (
				70C53A0A242CCFA80049C254 /* PBXTargetDependency */,
			);
			name = Hack2020UITests;
			productName = Hack2020UITests;
			productReference = 70C53A08242CCFA80049C254 /* Hack2020UITests.xctest */;
			productType = "com.apple.product-type.bundle.ui-testing";
		};
/* End PBXNativeTarget section */

/* Begin PBXProject section */
		70C539DC242CCF9A0049C254 /* Project object */ = {
			isa = PBXProject;
			attributes = {
				LastSwiftUpdateCheck = 1130;
				LastUpgradeCheck = 1130;
				ORGANIZATIONNAME = "Ivan Dosev Dimitrov";
				TargetAttributes = {
					70C539E3242CCF9A0049C254 = {
						CreatedOnToolsVersion = 11.3;
					};
					70C539FC242CCFA80049C254 = {
						CreatedOnToolsVersion = 11.3;
						TestTargetID = 70C539E3242CCF9A0049C254;
					};
					70C53A07242CCFA80049C254 = {
						CreatedOnToolsVersion = 11.3;
						TestTargetID = 70C539E3242CCF9A0049C254;
					};
				};
			};
			buildConfigurationList = 70C539DF242CCF9A0049C254 /* Build configuration list for PBXProject "Hack2020" */;
			compatibilityVersion = "Xcode 9.3";
			developmentRegion = en;
			hasScannedForEncodings = 0;
			knownRegions = (
				en,
				Base,
			);
			mainGroup = 70C539DB242CCF9A0049C254;
			productRefGroup = 70C539E5242CCF9A0049C254 /* Products */;
			projectDirPath = "";
			projectRoot = "";
			targets = (
				70C539E3242CCF9A0049C254 /* Hack2020 */,
				70C539FC242CCFA80049C254 /* Hack2020Tests */,
				70C53A07242CCFA80049C254 /* Hack2020UITests */,
			);
		};
/* End PBXProject section */

/* Begin PBXResourcesBuildPhase section */
		70C539E2242CCF9A0049C254 /* Resources */ = {
			isa = PBXResourcesBuildPhase;
			buildActionMask = 2147483647;
			files = (
				70C539F7242CCFA70049C254 /* LaunchScreen.storyboard in Resources */,
				70C539F4242CCFA70049C254 /* Preview Assets.xcassets in Resources */,
				70C53A2C242D0E930049C254 /* Brushwell.otf in Resources */,
				70C539F1242CCFA70049C254 /* Assets.xcassets in Resources */,
				70C53A24242D0D2F0049C254 /* Raffina Italic.ttf in Resources */,
			);
			runOnlyForDeploymentPostprocessing = 0;
		};
		70C539FB242CCFA80049C254 /* Resources */ = {
			isa = PBXResourcesBuildPhase;
			buildActionMask = 2147483647;
			files = (
				70C53A25242D0D2F0049C254 /* Raffina Italic.ttf in Resources */,
				70C53A2D242D0E930049C254 /* Brushwell.otf in Resources */,
			);
			runOnlyForDeploymentPostprocessing = 0;
		};
		70C53A06242CCFA80049C254 /* Resources */ = {
			isa = PBXResourcesBuildPhase;
			buildActionMask = 2147483647;
			files = (
				70C53A26242D0D2F0049C254 /* Raffina Italic.ttf in Resources */,
				70C53A2E242D0E930049C254 /* Brushwell.otf in Resources */,
			);
			runOnlyForDeploymentPostprocessing = 0;
		};
/* End PBXResourcesBuildPhase section */

/* Begin PBXSourcesBuildPhase section */
		70C539E0242CCF9A0049C254 /* Sources */ = {
			isa = PBXSourcesBuildPhase;
			buildActionMask = 2147483647;
			files = (
				70C53A1B242CCFF20049C254 /* Model.swift in Sources */,
				70C539ED242CCF9A0049C254 /* Hack2020.xcdatamodeld in Sources */,
				70C539E8242CCF9A0049C254 /* AppDelegate.swift in Sources */,
				70C539EF242CCF9A0049C254 /* ContentView.swift in Sources */,
				70C539EA242CCF9A0049C254 /* SceneDelegate.swift in Sources */,
			);
			runOnlyForDeploymentPostprocessing = 0;
		};
		70C539F9242CCFA80049C254 /* Sources */ = {
			isa = PBXSourcesBuildPhase;
			buildActionMask = 2147483647;
			files = (
				70C53A02242CCFA80049C254 /* Hack2020Tests.swift in Sources */,
			);
			runOnlyForDeploymentPostprocessing = 0;
		};
		70C53A04242CCFA80049C254 /* Sources */ = {
			isa = PBXSourcesBuildPhase;
			buildActionMask = 2147483647;
			files = (
				70C53A0D242CCFA80049C254 /* Hack2020UITests.swift in Sources */,
			);
			runOnlyForDeploymentPostprocessing = 0;
		};
/* End PBXSourcesBuildPhase section */

/* Begin PBXTargetDependency section */
		70C539FF242CCFA80049C254 /* PBXTargetDependency */ = {
			isa = PBXTargetDependency;
			target = 70C539E3242CCF9A0049C254 /* Hack2020 */;
			targetProxy = 70C539FE242CCFA80049C254 /* PBXContainerItemProxy */;
		};
		70C53A0A242CCFA80049C254 /* PBXTargetDependency */ = {
			isa = PBXTargetDependency;
			target = 70C539E3242CCF9A0049C254 /* Hack2020 */;
			targetProxy = 70C53A09242CCFA80049C254 /* PBXContainerItemProxy */;
		};
/* End PBXTargetDependency section */

/* Begin PBXVariantGroup section */
		70C539F5242CCFA70049C254 /* LaunchScreen.storyboard */ = {
			isa = PBXVariantGroup;
			children = (
				70C539F6242CCFA70049C254 /* Base */,
			);
			name = LaunchScreen.storyboard;
			sourceTree = "<group>";
		};
/* End PBXVariantGroup section */

/* Begin XCBuildConfiguration section */
		70C53A0F242CCFA80049C254 /* Debug */ = {
			isa = XCBuildConfiguration;
			buildSettings = {
				ALWAYS_SEARCH_USER_PATHS = NO;
				CLANG_ANALYZER_NONNULL = YES;
				CLANG_ANALYZER_NUMBER_OBJECT_CONVERSION = YES_AGGRESSIVE;
				CLANG_CXX_LANGUAGE_STANDARD = "gnu++14";
				CLANG_CXX_LIBRARY = "libc++";
				CLANG_ENABLE_MODULES = YES;
				CLANG_ENABLE_OBJC_ARC = YES;
				CLANG_ENABLE_OBJC_WEAK = YES;
				CLANG_WARN_BLOCK_CAPTURE_AUTORELEASING = YES;
				CLANG_WARN_BOOL_CONVERSION = YES;
				CLANG_WARN_COMMA = YES;
				CLANG_WARN_CONSTANT_CONVERSION = YES;
				CLANG_WARN_DEPRECATED_OBJC_IMPLEMENTATIONS = YES;
				CLANG_WARN_DIRECT_OBJC_ISA_USAGE = YES_ERROR;
				CLANG_WARN_DOCUMENTATION_COMMENTS = YES;
				CLANG_WARN_EMPTY_BODY = YES;
				CLANG_WARN_ENUM_CONVERSION = YES;
				CLANG_WARN_INFINITE_RECURSION = YES;
				CLANG_WARN_INT_CONVERSION = YES;
				CLANG_WARN_NON_LITERAL_NULL_CONVERSION = YES;
				CLANG_WARN_OBJC_IMPLICIT_RETAIN_SELF = YES;
				CLANG_WARN_OBJC_LITERAL_CONVERSION = YES;
				CLANG_WARN_OBJC_ROOT_CLASS = YES_ERROR;
				CLANG_WARN_RANGE_LOOP_ANALYSIS = YES;
				CLANG_WARN_STRICT_PROTOTYPES = YES;
				CLANG_WARN_SUSPICIOUS_MOVE = YES;
				CLANG_WARN_UNGUARDED_AVAILABILITY = YES_AGGRESSIVE;
				CLANG_WARN_UNREACHABLE_CODE = YES;
				CLANG_WARN__DUPLICATE_METHOD_MATCH = YES;
				COPY_PHASE_STRIP = NO;
				DEBUG_INFORMATION_FORMAT = dwarf;
				ENABLE_STRICT_OBJC_MSGSEND = YES;
				ENABLE_TESTABILITY = YES;
				GCC_C_LANGUAGE_STANDARD = gnu11;
				GCC_DYNAMIC_NO_PIC = NO;
				GCC_NO_COMMON_BLOCKS = YES;
				GCC_OPTIMIZATION_LEVEL = 0;
				GCC_PREPROCESSOR_DEFINITIONS = (
					"DEBUG=1",
					"$(inherited)",
				);
				GCC_WARN_64_TO_32_BIT_CONVERSION = YES;
				GCC_WARN_ABOUT_RETURN_TYPE = YES_ERROR;
				GCC_WARN_UNDECLARED_SELECTOR = YES;
				GCC_WARN_UNINITIALIZED_AUTOS = YES_AGGRESSIVE;
				GCC_WARN_UNUSED_FUNCTION = YES;
				GCC_WARN_UNUSED_VARIABLE = YES;
				IPHONEOS_DEPLOYMENT_TARGET = 13.2;
				MTL_ENABLE_DEBUG_INFO = INCLUDE_SOURCE;
				MTL_FAST_MATH = YES;
				ONLY_ACTIVE_ARCH = YES;
				SDKROOT = iphoneos;
				SWIFT_ACTIVE_COMPILATION_CONDITIONS = DEBUG;
				SWIFT_OPTIMIZATION_LEVEL = "-Onone";
			};
			name = Debug;
		};
		70C53A10242CCFA80049C254 /* Release */ = {
			isa = XCBuildConfiguration;
			buildSettings = {
				ALWAYS_SEARCH_USER_PATHS = NO;
				CLANG_ANALYZER_NONNULL = YES;
				CLANG_ANALYZER_NUMBER_OBJECT_CONVERSION = YES_AGGRESSIVE;
				CLANG_CXX_LANGUAGE_STANDARD = "gnu++14";
				CLANG_CXX_LIBRARY = "libc++";
				CLANG_ENABLE_MODULES = YES;
				CLANG_ENABLE_OBJC_ARC = YES;
				CLANG_ENABLE_OBJC_WEAK = YES;
				CLANG_WARN_BLOCK_CAPTURE_AUTORELEASING = YES;
				CLANG_WARN_BOOL_CONVERSION = YES;
				CLANG_WARN_COMMA = YES;
				CLANG_WARN_CONSTANT_CONVERSION = YES;
				CLANG_WARN_DEPRECATED_OBJC_IMPLEMENTATIONS = YES;
				CLANG_WARN_DIRECT_OBJC_ISA_USAGE = YES_ERROR;
				CLANG_WARN_DOCUMENTATION_COMMENTS = YES;
				CLANG_WARN_EMPTY_BODY = YES;
				CLANG_WARN_ENUM_CONVERSION = YES;
				CLANG_WARN_INFINITE_RECURSION = YES;
				CLANG_WARN_INT_CONVERSION = YES;
				CLANG_WARN_NON_LITERAL_NULL_CONVERSION = YES;
				CLANG_WARN_OBJC_IMPLICIT_RETAIN_SELF = YES;
				CLANG_WARN_OBJC_LITERAL_CONVERSION = YES;
				CLANG_WARN_OBJC_ROOT_CLASS = YES_ERROR;
				CLANG_WARN_RANGE_LOOP_ANALYSIS = YES;
				CLANG_WARN_STRICT_PROTOTYPES = YES;
				CLANG_WARN_SUSPICIOUS_MOVE = YES;
				CLANG_WARN_UNGUARDED_AVAILABILITY = YES_AGGRESSIVE;
				CLANG_WARN_UNREACHABLE_CODE = YES;
				CLANG_WARN__DUPLICATE_METHOD_MATCH = YES;
				COPY_PHASE_STRIP = NO;
				DEBUG_INFORMATION_FORMAT = "dwarf-with-dsym";
				ENABLE_NS_ASSERTIONS = NO;
				ENABLE_STRICT_OBJC_MSGSEND = YES;
				GCC_C_LANGUAGE_STANDARD = gnu11;
				GCC_NO_COMMON_BLOCKS = YES;
				GCC_WARN_64_TO_32_BIT_CONVERSION = YES;
				GCC_WARN_ABOUT_RETURN_TYPE = YES_ERROR;
				GCC_WARN_UNDECLARED_SELECTOR = YES;
				GCC_WARN_UNINITIALIZED_AUTOS = YES_AGGRESSIVE;
				GCC_WARN_UNUSED_FUNCTION = YES;
				GCC_WARN_UNUSED_VARIABLE = YES;
				IPHONEOS_DEPLOYMENT_TARGET = 13.2;
				MTL_ENABLE_DEBUG_INFO = NO;
				MTL_FAST_MATH = YES;
				SDKROOT = iphoneos;
				SWIFT_COMPILATION_MODE = wholemodule;
				SWIFT_OPTIMIZATION_LEVEL = "-O";
				VALIDATE_PRODUCT = YES;
			};
			name = Release;
		};
		70C53A12242CCFA80049C254 /* Debug */ = {
			isa = XCBuildConfiguration;
			buildSettings = {
				ASSETCATALOG_COMPILER_APPICON_NAME = AppIcon;
				CODE_SIGN_STYLE = Automatic;
				DEVELOPMENT_ASSET_PATHS = "\"Hack2020/Preview Content\"";
				DEVELOPMENT_TEAM = 2FYTR3E5Q9;
				ENABLE_PREVIEWS = YES;
				INFOPLIST_FILE = Hack2020/Info.plist;
				LD_RUNPATH_SEARCH_PATHS = (
					"$(inherited)",
					"@executable_path/Frameworks",
				);
				PRODUCT_BUNDLE_IDENTIFIER = com.IVANDOSEV.Hack2020;
				PRODUCT_NAME = "$(TARGET_NAME)";
				SWIFT_VERSION = 5.0;
				TARGETED_DEVICE_FAMILY = "1,2";
			};
			name = Debug;
		};
		70C53A13242CCFA80049C254 /* Release */ = {
			isa = XCBuildConfiguration;
			buildSettings = {
				ASSETCATALOG_COMPILER_APPICON_NAME = AppIcon;
				CODE_SIGN_STYLE = Automatic;
				DEVELOPMENT_ASSET_PATHS = "\"Hack2020/Preview Content\"";
				DEVELOPMENT_TEAM = 2FYTR3E5Q9;
				ENABLE_PREVIEWS = YES;
				INFOPLIST_FILE = Hack2020/Info.plist;
				LD_RUNPATH_SEARCH_PATHS = (
					"$(inherited)",
					"@executable_path/Frameworks",
				);
				PRODUCT_BUNDLE_IDENTIFIER = com.IVANDOSEV.Hack2020;
				PRODUCT_NAME = "$(TARGET_NAME)";
				SWIFT_VERSION = 5.0;
				TARGETED_DEVICE_FAMILY = "1,2";
			};
			name = Release;
		};
		70C53A15242CCFA80049C254 /* Debug */ = {
			isa = XCBuildConfiguration;
			buildSettings = {
				ALWAYS_EMBED_SWIFT_STANDARD_LIBRARIES = YES;
				BUNDLE_LOADER = "$(TEST_HOST)";
				CODE_SIGN_STYLE = Automatic;
				DEVELOPMENT_TEAM = SQ8666S5KW;
				INFOPLIST_FILE = Hack2020Tests/Info.plist;
				IPHONEOS_DEPLOYMENT_TARGET = 13.2;
				LD_RUNPATH_SEARCH_PATHS = (
					"$(inherited)",
					"@executable_path/Frameworks",
					"@loader_path/Frameworks",
				);
				PRODUCT_BUNDLE_IDENTIFIER = com.IVANDOSEV.Hack2020Tests;
				PRODUCT_NAME = "$(TARGET_NAME)";
				SWIFT_VERSION = 5.0;
				TARGETED_DEVICE_FAMILY = "1,2";
				TEST_HOST = "$(BUILT_PRODUCTS_DIR)/Hack2020.app/Hack2020";
			};
			name = Debug;
		};
		70C53A16242CCFA80049C254 /* Release */ = {
			isa = XCBuildConfiguration;
			buildSettings = {
				ALWAYS_EMBED_SWIFT_STANDARD_LIBRARIES = YES;
				BUNDLE_LOADER = "$(TEST_HOST)";
				CODE_SIGN_STYLE = Automatic;
				DEVELOPMENT_TEAM = SQ8666S5KW;
				INFOPLIST_FILE = Hack2020Tests/Info.plist;
				IPHONEOS_DEPLOYMENT_TARGET = 13.2;
				LD_RUNPATH_SEARCH_PATHS = (
					"$(inherited)",
					"@executable_path/Frameworks",
					"@loader_path/Frameworks",
				);
				PRODUCT_BUNDLE_IDENTIFIER = com.IVANDOSEV.Hack2020Tests;
				PRODUCT_NAME = "$(TARGET_NAME)";
				SWIFT_VERSION = 5.0;
				TARGETED_DEVICE_FAMILY = "1,2";
				TEST_HOST = "$(BUILT_PRODUCTS_DIR)/Hack2020.app/Hack2020";
			};
			name = Release;
		};
		70C53A18242CCFA80049C254 /* Debug */ = {
			isa = XCBuildConfiguration;
			buildSettings = {
				ALWAYS_EMBED_SWIFT_STANDARD_LIBRARIES = YES;
				CODE_SIGN_STYLE = Automatic;
				DEVELOPMENT_TEAM = SQ8666S5KW;
				INFOPLIST_FILE = Hack2020UITests/Info.plist;
				LD_RUNPATH_SEARCH_PATHS = (
					"$(inherited)",
					"@executable_path/Frameworks",
					"@loader_path/Frameworks",
				);
				PRODUCT_BUNDLE_IDENTIFIER = com.IVANDOSEV.Hack2020UITests;
				PRODUCT_NAME = "$(TARGET_NAME)";
				SWIFT_VERSION = 5.0;
				TARGETED_DEVICE_FAMILY = "1,2";
				TEST_TARGET_NAME = Hack2020;
			};
			name = Debug;
		};
		70C53A19242CCFA80049C254 /* Release */ = {
			isa = XCBuildConfiguration;
			buildSettings = {
				ALWAYS_EMBED_SWIFT_STANDARD_LIBRARIES = YES;
				CODE_SIGN_STYLE = Automatic;
				DEVELOPMENT_TEAM = SQ8666S5KW;
				INFOPLIST_FILE = Hack2020UITests/Info.plist;
				LD_RUNPATH_SEARCH_PATHS = (
					"$(inherited)",
					"@executable_path/Frameworks",
					"@loader_path/Frameworks",
				);
				PRODUCT_BUNDLE_IDENTIFIER = com.IVANDOSEV.Hack2020UITests;
				PRODUCT_NAME = "$(TARGET_NAME)";
				SWIFT_VERSION = 5.0;
				TARGETED_DEVICE_FAMILY = "1,2";
				TEST_TARGET_NAME = Hack2020;
			};
			name = Release;
		};
/* End XCBuildConfiguration section */

/* Begin XCConfigurationList section */
		70C539DF242CCF9A0049C254 /* Build configuration list for PBXProject "Hack2020" */ = {
			isa = XCConfigurationList;
			buildConfigurations = (
				70C53A0F242CCFA80049C254 /* Debug */,
				70C53A10242CCFA80049C254 /* Release */,
			);
			defaultConfigurationIsVisible = 0;
			defaultConfigurationName = Release;
		};
		70C53A11242CCFA80049C254 /* Build configuration list for PBXNativeTarget "Hack2020" */ = {
			isa = XCConfigurationList;
			buildConfigurations = (
				70C53A12242CCFA80049C254 /* Debug */,
				70C53A13242CCFA80049C254 /* Release */,
			);
			defaultConfigurationIsVisible = 0;
			defaultConfigurationName = Release;
		};
		70C53A14242CCFA80049C254 /* Build configuration list for PBXNativeTarget "Hack2020Tests" */ = {
			isa = XCConfigurationList;
			buildConfigurations = (
				70C53A15242CCFA80049C254 /* Debug */,
				70C53A16242CCFA80049C254 /* Release */,
			);
			defaultConfigurationIsVisible = 0;
			defaultConfigurationName = Release;
		};
		70C53A17242CCFA80049C254 /* Build configuration list for PBXNativeTarget "Hack2020UITests" */ = {
			isa = XCConfigurationList;
			buildConfigurations = (
				70C53A18242CCFA80049C254 /* Debug */,
				70C53A19242CCFA80049C254 /* Release */,
			);
			defaultConfigurationIsVisible = 0;
			defaultConfigurationName = Release;
		};
/* End XCConfigurationList section */

/* Begin XCVersionGroup section */
		70C539EB242CCF9A0049C254 /* Hack2020.xcdatamodeld */ = {
			isa = XCVersionGroup;
			children = (
				70C539EC242CCF9A0049C254 /* Hack2020.xcdatamodel */,
			);
			currentVersion = 70C539EC242CCF9A0049C254 /* Hack2020.xcdatamodel */;
			path = Hack2020.xcdatamodeld;
			sourceTree = "<group>";
			versionGroupType = wrapper.xcdatamodel;
		};
/* End XCVersionGroup section */
	};
	rootObject = 70C539DC242CCF9A0049C254 /* Project object */;
}
